{
  "name": "blog",
  "lockfileVersion": 3,
  "requires": true,
  "packages": {
    "": {
      "dependencies": {
        "marked": "^15.0.1",
        "textile-js": "^2.1.1",
        "ya-bbcode": "^4.0.0"
      }
    },
    "node_modules/marked": {
      "version": "15.0.1",
      "resolved": "https://registry.npmjs.org/marked/-/marked-15.0.1.tgz",
      "integrity": "sha512-VnnE19XO2Vb2oZeH8quAepfrb6Aaz4OoY8yZQACfuy/5KVJ0GxYC0Qxzz/iuc+g5UF7H0HJ+QROfvH26XeBdDA==",
      "license": "MIT",
      "bin": {
        "marked": "bin/marked.js"
      },
      "engines": {
        "node": ">= 18"
      }
    },
    "node_modules/textile-js": {
      "version": "2.1.1",
      "resolved": "https://registry.npmjs.org/textile-js/-/textile-js-2.1.1.tgz",
      "integrity": "sha512-6yP8bPtL364lb/Pu9IQh/pu9aFXQN2VSUQrzVtOrjQs0pSc+jX0iczNPcMn5+MNvmoP3piCPxFb0hPBS7DmfFg==",
      "license": "MIT",
      "bin": {
        "textile-js": "bin/textile"
      }
    },
    "node_modules/ya-bbcode": {
      "version": "4.0.0",
      "resolved": "https://registry.npmjs.org/ya-bbcode/-/ya-bbcode-4.0.0.tgz",
      "integrity": "sha512-J1mMD5a/H3rXjdZPEHdgr2DsfBb6G+KkSb2kebyP6SZqclWxVKngp+o+S55aRPLWOivHmUbvJOYdDEx125Ulag==",
      "license": "MIT",
      "engines": {
        "node": ">=16",
        "npm": ">=8"
      }
    }
  }
}
